
Microsoft Visual Studio Solution File, Format Version 12.00
# Visual Studio Version 17
VisualStudioVersion = 17.11.35327.3
MinimumVisualStudioVersion = 10.0.40219.1
Project("{FAE04EC0-301F-11D3-BF4B-00C04F79EFBC}") = "evi_1285453", "evi_1285453\evi_1285453.csproj", "{A4897F25-246E-4A75-978A-7146CAF29076}"
EndProject
Global
	GlobalSection(SolutionConfigurationPlatforms) = preSolution
		Debug|Any CPU = Debug|Any CPU
		Release|Any CPU = Release|Any CPU
	EndGlobalSection
	GlobalSection(ProjectConfigurationPlatforms) = postSolution
		{A4897F25-246E-4A75-978A-7146CAF29076}.Debug|Any CPU.ActiveCfg = Debug|Any CPU
		{A4897F25-246E-4A75-978A-7146CAF29076}.Debug|Any CPU.Build.0 = Debug|Any CPU
		{A4897F25-246E-4A75-978A-7146CAF29076}.Release|Any CPU.ActiveCfg = Release|Any CPU
		{A4897F25-246E-4A75-978A-7146CAF29076}.Release|Any CPU.Build.0 = Release|Any CPU
	EndGlobalSection
	GlobalSection(SolutionProperties) = preSolution
		HideSolutionNode = FALSE
	EndGlobalSection
	GlobalSection(ExtensibilityGlobals) = postSolution
		SolutionGuid = {7843D76C-560A-4FB1-8CE2-4DAC378F2CE8}
	EndGlobalSection
EndGlobal
